
Microsoft Visual Studio Solution File, Format Version 12.00
# Visual Studio Version 17
VisualStudioVersion = 17.1.32407.343
MinimumVisualStudioVersion = 10.0.40219.1
Project("{FAE04EC0-301F-11D3-BF4B-00C04F79EFBC}") = "View", "View\View.csproj", "{54BE33B5-F47D-4FBC-B556-8A190E81248B}"
EndProject
Project("{FAE04EC0-301F-11D3-BF4B-00C04F79EFBC}") = "Model", "Model\Model.csproj", "{B22D157F-730A-4C4D-A4C9-C682F0D7B924}"
EndProject
Global
	GlobalSection(SolutionConfigurationPlatforms) = preSolution
		Debug|Any CPU = Debug|Any CPU
		Release|Any CPU = Release|Any CPU
	EndGlobalSection
	GlobalSection(ProjectConfigurationPlatforms) = postSolution
		{54BE33B5-F47D-4FBC-B556-8A190E81248B}.Debug|Any CPU.ActiveCfg = Debug|Any CPU
		{54BE33B5-F47D-4FBC-B556-8A190E81248B}.Debug|Any CPU.Build.0 = Debug|Any CPU
		{54BE33B5-F47D-4FBC-B556-8A190E81248B}.Release|Any CPU.ActiveCfg = Release|Any CPU
		{54BE33B5-F47D-4FBC-B556-8A190E81248B}.Release|Any CPU.Build.0 = Release|Any CPU
		{B22D157F-730A-4C4D-A4C9-C682F0D7B924}.Debug|Any CPU.ActiveCfg = Debug|Any CPU
		{B22D157F-730A-4C4D-A4C9-C682F0D7B924}.Debug|Any CPU.Build.0 = Debug|Any CPU
		{B22D157F-730A-4C4D-A4C9-C682F0D7B924}.Release|Any CPU.ActiveCfg = Release|Any CPU
		{B22D157F-730A-4C4D-A4C9-C682F0D7B924}.Release|Any CPU.Build.0 = Release|Any CPU
	EndGlobalSection
	GlobalSection(SolutionProperties) = preSolution
		HideSolutionNode = FALSE
	EndGlobalSection
	GlobalSection(ExtensibilityGlobals) = postSolution
		SolutionGuid = {50E61EA1-E5FA-4FBC-8DBC-711AE8CF39AC}
	EndGlobalSection
EndGlobal
