
Microsoft Visual Studio Solution File, Format Version 12.00
# Visual Studio Version 17
VisualStudioVersion = 17.1.32414.318
MinimumVisualStudioVersion = 10.0.40219.1
Project("{FAE04EC0-301F-11D3-BF4B-00C04F79EFBC}") = "CSVGenerator", "CSVGenerator\CSVGenerator.csproj", "{1391609B-A23B-4189-81F3-B0495766AD1F}"
EndProject
Global
	GlobalSection(SolutionConfigurationPlatforms) = preSolution
		Debug|Any CPU = Debug|Any CPU
		Release|Any CPU = Release|Any CPU
	EndGlobalSection
	GlobalSection(ProjectConfigurationPlatforms) = postSolution
		{1391609B-A23B-4189-81F3-B0495766AD1F}.Debug|Any CPU.ActiveCfg = Debug|Any CPU
		{1391609B-A23B-4189-81F3-B0495766AD1F}.Debug|Any CPU.Build.0 = Debug|Any CPU
		{1391609B-A23B-4189-81F3-B0495766AD1F}.Release|Any CPU.ActiveCfg = Release|Any CPU
		{1391609B-A23B-4189-81F3-B0495766AD1F}.Release|Any CPU.Build.0 = Release|Any CPU
	EndGlobalSection
	GlobalSection(SolutionProperties) = preSolution
		HideSolutionNode = FALSE
	EndGlobalSection
	GlobalSection(ExtensibilityGlobals) = postSolution
		SolutionGuid = {36F96832-1D73-4677-8196-B705C7EE7B64}
	EndGlobalSection
EndGlobal
